
Microsoft Visual Studio Solution File, Format Version 12.00
# Visual Studio Version 17
VisualStudioVersion = 17.8.34525.116
MinimumVisualStudioVersion = 10.0.40219.1
Project("{9A19103F-16F7-4668-BE54-9A1E7A4F7556}") = "MachineManagement.Frontend", "Machine-Management.Frontend\MachineManagement.Frontend.csproj", "{6040E2FC-3BB7-495C-B120-5D0B1F36E643}"
EndProject
Project("{FAE04EC0-301F-11D3-BF4B-00C04F79EFBC}") = "MachineManagement.Core", "MachineManagement.Core\MachineManagement.Core.csproj", "{350110E0-D39D-4DBF-A842-50EF841B386B}"
EndProject
Project("{FAE04EC0-301F-11D3-BF4B-00C04F79EFBC}") = "MachineManagement.Data", "MachineManagement.Data\MachineManagement.Data.csproj", "{8F8E198B-B061-4ECE-85EF-F05486F686B1}"
EndProject
Project("{FAE04EC0-301F-11D3-BF4B-00C04F79EFBC}") = "MachineManagement.API", "MachineManagement.API\MachineManagement.API.csproj", "{6AE164C4-AC06-4DFC-84B5-6950966E68E2}"
EndProject
Global
	GlobalSection(SolutionConfigurationPlatforms) = preSolution
		Debug|Any CPU = Debug|Any CPU
		Release|Any CPU = Release|Any CPU
	EndGlobalSection
	GlobalSection(ProjectConfigurationPlatforms) = postSolution
		{6040E2FC-3BB7-495C-B120-5D0B1F36E643}.Debug|Any CPU.ActiveCfg = Debug|Any CPU
		{6040E2FC-3BB7-495C-B120-5D0B1F36E643}.Debug|Any CPU.Build.0 = Debug|Any CPU
		{6040E2FC-3BB7-495C-B120-5D0B1F36E643}.Release|Any CPU.ActiveCfg = Release|Any CPU
		{6040E2FC-3BB7-495C-B120-5D0B1F36E643}.Release|Any CPU.Build.0 = Release|Any CPU
		{350110E0-D39D-4DBF-A842-50EF841B386B}.Debug|Any CPU.ActiveCfg = Debug|Any CPU
		{350110E0-D39D-4DBF-A842-50EF841B386B}.Debug|Any CPU.Build.0 = Debug|Any CPU
		{350110E0-D39D-4DBF-A842-50EF841B386B}.Release|Any CPU.ActiveCfg = Release|Any CPU
		{350110E0-D39D-4DBF-A842-50EF841B386B}.Release|Any CPU.Build.0 = Release|Any CPU
		{8F8E198B-B061-4ECE-85EF-F05486F686B1}.Debug|Any CPU.ActiveCfg = Debug|Any CPU
		{8F8E198B-B061-4ECE-85EF-F05486F686B1}.Debug|Any CPU.Build.0 = Debug|Any CPU
		{8F8E198B-B061-4ECE-85EF-F05486F686B1}.Release|Any CPU.ActiveCfg = Release|Any CPU
		{8F8E198B-B061-4ECE-85EF-F05486F686B1}.Release|Any CPU.Build.0 = Release|Any CPU
		{6AE164C4-AC06-4DFC-84B5-6950966E68E2}.Debug|Any CPU.ActiveCfg = Debug|Any CPU
		{6AE164C4-AC06-4DFC-84B5-6950966E68E2}.Debug|Any CPU.Build.0 = Debug|Any CPU
		{6AE164C4-AC06-4DFC-84B5-6950966E68E2}.Release|Any CPU.ActiveCfg = Release|Any CPU
		{6AE164C4-AC06-4DFC-84B5-6950966E68E2}.Release|Any CPU.Build.0 = Release|Any CPU
	EndGlobalSection
	GlobalSection(SolutionProperties) = preSolution
		HideSolutionNode = FALSE
	EndGlobalSection
	GlobalSection(ExtensibilityGlobals) = postSolution
		SolutionGuid = {3A879C89-31BE-4097-B42B-C5CE977C90A2}
	EndGlobalSection
EndGlobal
